
Microsoft Visual Studio Solution File, Format Version 12.00
Project("{FAE04EC0-301F-11D3-BF4B-00C04F79EFBC}") = "PolyclinicsSystemBackend", "PolyclinicsSystemBackend\PolyclinicsSystemBackend.csproj", "{61C497BE-B58D-49FF-9B31-B2CFB2A6B5DD}"
EndProject
Global
	GlobalSection(SolutionConfigurationPlatforms) = preSolution
		Debug|Any CPU = Debug|Any CPU
		Release|Any CPU = Release|Any CPU
	EndGlobalSection
	GlobalSection(ProjectConfigurationPlatforms) = postSolution
		{61C497BE-B58D-49FF-9B31-B2CFB2A6B5DD}.Debug|Any CPU.ActiveCfg = Debug|Any CPU
		{61C497BE-B58D-49FF-9B31-B2CFB2A6B5DD}.Debug|Any CPU.Build.0 = Debug|Any CPU
		{61C497BE-B58D-49FF-9B31-B2CFB2A6B5DD}.Release|Any CPU.ActiveCfg = Release|Any CPU
		{61C497BE-B58D-49FF-9B31-B2CFB2A6B5DD}.Release|Any CPU.Build.0 = Release|Any CPU
	EndGlobalSection
EndGlobal
